
Microsoft Visual Studio Solution File, Format Version 12.00
# Visual Studio Version 16
VisualStudioVersion = 25.0.1706.14
MinimumVisualStudioVersion = 10.0.40219.1
Project("{FAE04EC0-301F-11D3-BF4B-00C04F79EFBC}") = "MauiCalendarYearAtAGlance", "MauiCalendarYearAtAGlance.csproj", "{0B37ADA1-F285-435D-9063-6858BC8ADD16}"
EndProject
Global
	GlobalSection(SolutionConfigurationPlatforms) = preSolution
		Debug|Any CPU = Debug|Any CPU
		Release|Any CPU = Release|Any CPU
	EndGlobalSection
	GlobalSection(ProjectConfigurationPlatforms) = postSolution
		{0B37ADA1-F285-435D-9063-6858BC8ADD16}.Debug|Any CPU.ActiveCfg = Debug|Any CPU
		{0B37ADA1-F285-435D-9063-6858BC8ADD16}.Debug|Any CPU.Build.0 = Debug|Any CPU
		{0B37ADA1-F285-435D-9063-6858BC8ADD16}.Release|Any CPU.ActiveCfg = Release|Any CPU
		{0B37ADA1-F285-435D-9063-6858BC8ADD16}.Release|Any CPU.Build.0 = Release|Any CPU
	EndGlobalSection
	GlobalSection(SolutionProperties) = preSolution
		HideSolutionNode = FALSE
	EndGlobalSection
	GlobalSection(ExtensibilityGlobals) = postSolution
		SolutionGuid = {34399762-5128-41E2-A3E4-F0A3980460BB}
	EndGlobalSection
EndGlobal
