
Microsoft Visual Studio Solution File, Format Version 12.00
# Visual Studio Version 16
VisualStudioVersion = 25.0.1706.14
MinimumVisualStudioVersion = 10.0.40219.1
Project("{FAE04EC0-301F-11D3-BF4B-00C04F79EFBC}") = "MauiHandlersDemo", "MauiHandlersDemo.csproj", "{CF60ABB0-0EB0-4B7D-BEDD-A50D85C6DE4C}"
EndProject
Global
	GlobalSection(SolutionConfigurationPlatforms) = preSolution
		Debug|Any CPU = Debug|Any CPU
		Release|Any CPU = Release|Any CPU
	EndGlobalSection
	GlobalSection(ProjectConfigurationPlatforms) = postSolution
		{CF60ABB0-0EB0-4B7D-BEDD-A50D85C6DE4C}.Debug|Any CPU.ActiveCfg = Debug|Any CPU
		{CF60ABB0-0EB0-4B7D-BEDD-A50D85C6DE4C}.Debug|Any CPU.Build.0 = Debug|Any CPU
		{CF60ABB0-0EB0-4B7D-BEDD-A50D85C6DE4C}.Release|Any CPU.ActiveCfg = Release|Any CPU
		{CF60ABB0-0EB0-4B7D-BEDD-A50D85C6DE4C}.Release|Any CPU.Build.0 = Release|Any CPU
	EndGlobalSection
	GlobalSection(SolutionProperties) = preSolution
		HideSolutionNode = FALSE
	EndGlobalSection
	GlobalSection(ExtensibilityGlobals) = postSolution
		SolutionGuid = {6DFB420B-8778-4CBA-B8FE-543C0BC03FD1}
	EndGlobalSection
EndGlobal
